<?xml version="1.0" encoding="UTF-8"?>
<Scheme
   LastUpgradeVersion = "1420"
   version = "1.3">
   <BuildAction
      parallelizeBuildables = "YES"
      buildImplicitDependencies = "YES">
      <BuildActionEntries>
         <BuildActionEntry
            buildForTesting = "YES"
            buildForRunning = "YES"
            buildForProfiling = "YES"
            buildForArchiving = "YES"
            buildForAnalyzing = "YES">
            <BuildableReference
               BuildableIdentifier = "primary"
               BlueprintIdentifier = "64EE452D295210D700E7BB3B"
               BuildableName = "bulkuo"
               BlueprintName = "bulkuo"
               ReferencedContainer = "container:bulkuo.xcodeproj">
            </BuildableReference>
         </BuildActionEntry>
      </BuildActionEntries>
   </BuildAction>
   <TestAction
      buildConfiguration = "Debug"
      selectedDebuggerIdentifier = "Xcode.DebuggerFoundation.Debugger.LLDB"
      selectedLauncherIdentifier = "Xcode.DebuggerFoundation.Launcher.LLDB"
      shouldUseLaunchSchemeArgsEnv = "YES">
      <Testables>
      </Testables>
   </TestAction>
   <LaunchAction
      buildConfiguration = "Release"
      selectedDebuggerIdentifier = ""
      selectedLauncherIdentifier = "Xcode.IDEFoundation.Launcher.PosixSpawn"
      launchStyle = "0"
      useCustomWorkingDirectory = "YES"
      customWorkingDirectory = "/Users/charleskerr/Documents/projects/uoutilities3/test"
      ignoresPersistentStateOnLaunch = "NO"
      debugDocumentVersioning = "YES"
      debugServiceExtension = "internal"
      allowLocationSimulation = "YES"
      viewDebuggingEnabled = "No">
      <BuildableProductRunnable
         runnableDebuggingMode = "0">
         <BuildableReference
            BuildableIdentifier = "primary"
            BlueprintIdentifier = "64EE452D295210D700E7BB3B"
            BuildableName = "bulkuo"
            BlueprintName = "bulkuo"
            ReferencedContainer = "container:bulkuo.xcodeproj">
         </BuildableReference>
      </BuildableProductRunnable>
      <CommandLineArguments>
         <CommandLineArgument
            argument = "--extract"
            isEnabled = "YES">
         </CommandLineArgument>
         <CommandLineArgument
            argument = "--create"
            isEnabled = "NO">
         </CommandLineArgument>
         <CommandLineArgument
            argument = "--overwrite"
            isEnabled = "YES">
         </CommandLineArgument>
         <CommandLineArgument
            argument = "--bmp24"
            isEnabled = "NO">
         </CommandLineArgument>
         <CommandLineArgument
            argument = "--id=l:0-111"
            isEnabled = "YES">
         </CommandLineArgument>
         <CommandLineArgument
            argument = "--overwrite"
            isEnabled = "NO">
         </CommandLineArgument>
         <CommandLineArgument
            argument = "--label=label/art.txt"
            isEnabled = "NO">
         </CommandLineArgument>
         <CommandLineArgument
            argument = "--category=category/art.txt"
            isEnabled = "NO">
         </CommandLineArgument>
         <CommandLineArgument
            argument = "--hex"
            isEnabled = "NO">
         </CommandLineArgument>
         <CommandLineArgument
            argument = "--art"
            isEnabled = "NO">
         </CommandLineArgument>
         <CommandLineArgument
            argument = "--texture"
            isEnabled = "NO">
         </CommandLineArgument>
         <CommandLineArgument
            argument = "--animation"
            isEnabled = "YES">
         </CommandLineArgument>
         <CommandLineArgument
            argument = "--gump"
            isEnabled = "NO">
         </CommandLineArgument>
         <CommandLineArgument
            argument = "uo/artLegacyMUL.uop"
            isEnabled = "NO">
         </CommandLineArgument>
         <CommandLineArgument
            argument = "artwork"
            isEnabled = "NO">
         </CommandLineArgument>
         <CommandLineArgument
            argument = "myart.uop"
            isEnabled = "NO">
         </CommandLineArgument>
         <CommandLineArgument
            argument = "artwork1"
            isEnabled = "NO">
         </CommandLineArgument>
         <CommandLineArgument
            argument = "uo/texidx.mul"
            isEnabled = "NO">
         </CommandLineArgument>
         <CommandLineArgument
            argument = "uo/texmaps.mul"
            isEnabled = "NO">
         </CommandLineArgument>
         <CommandLineArgument
            argument = "uo/gumpartLegacyMUL.uop"
            isEnabled = "NO">
         </CommandLineArgument>
         <CommandLineArgument
            argument = "texture"
            isEnabled = "NO">
         </CommandLineArgument>
         <CommandLineArgument
            argument = "mytex.idx"
            isEnabled = "NO">
         </CommandLineArgument>
         <CommandLineArgument
            argument = "mytex.mul"
            isEnabled = "NO">
         </CommandLineArgument>
         <CommandLineArgument
            argument = "texture1"
            isEnabled = "NO">
         </CommandLineArgument>
         <CommandLineArgument
            argument = "gump"
            isEnabled = "NO">
         </CommandLineArgument>
         <CommandLineArgument
            argument = "mygump.uop"
            isEnabled = "NO">
         </CommandLineArgument>
         <CommandLineArgument
            argument = "gump1"
            isEnabled = "NO">
         </CommandLineArgument>
         <CommandLineArgument
            argument = "uo/anim2.idx"
            isEnabled = "NO">
         </CommandLineArgument>
         <CommandLineArgument
            argument = "uo/anim2.mul"
            isEnabled = "NO">
         </CommandLineArgument>
         <CommandLineArgument
            argument = "anim_images"
            isEnabled = "NO">
         </CommandLineArgument>
         <CommandLineArgument
            argument = "anim_swap"
            isEnabled = "NO">
         </CommandLineArgument>
         <CommandLineArgument
            argument = "myanim.idx"
            isEnabled = "YES">
         </CommandLineArgument>
         <CommandLineArgument
            argument = "myanim.mul"
            isEnabled = "YES">
         </CommandLineArgument>
         <CommandLineArgument
            argument = "myanim_images"
            isEnabled = "YES">
         </CommandLineArgument>
         <CommandLineArgument
            argument = "myanim_swap"
            isEnabled = "YES">
         </CommandLineArgument>
      </CommandLineArguments>
   </LaunchAction>
   <ProfileAction
      buildConfiguration = "Release"
      shouldUseLaunchSchemeArgsEnv = "YES"
      savedToolIdentifier = ""
      useCustomWorkingDirectory = "NO"
      debugDocumentVersioning = "YES">
      <BuildableProductRunnable
         runnableDebuggingMode = "0">
         <BuildableReference
            BuildableIdentifier = "primary"
            BlueprintIdentifier = "64EE452D295210D700E7BB3B"
            BuildableName = "bulkuo"
            BlueprintName = "bulkuo"
            ReferencedContainer = "container:bulkuo.xcodeproj">
         </BuildableReference>
      </BuildableProductRunnable>
   </ProfileAction>
   <AnalyzeAction
      buildConfiguration = "Debug">
   </AnalyzeAction>
   <ArchiveAction
      buildConfiguration = "Release"
      revealArchiveInOrganizer = "YES">
   </ArchiveAction>
</Scheme>
